
Microsoft Visual Studio Solution File, Format Version 12.00
# Visual Studio 15
Project("{FAE04EC0-301F-11D3-BF4B-00C04F79EFBC}") = "Assembly-CSharp", "Assembly-CSharp.csproj", "{3ED05C4F-06A9-B622-6483-6B848F8B1BFB}"
EndProject
Global
	GlobalSection(SolutionConfigurationPlatforms) = preSolution
		Debug|Any CPU = Debug|Any CPU
		Release|Any CPU = Release|Any CPU
	EndGlobalSection
	GlobalSection(ProjectConfigurationPlatforms) = postSolution
		{3ED05C4F-06A9-B622-6483-6B848F8B1BFB}.Debug|Any CPU.ActiveCfg = Debug|Any CPU
		{3ED05C4F-06A9-B622-6483-6B848F8B1BFB}.Debug|Any CPU.Build.0 = Debug|Any CPU
		{3ED05C4F-06A9-B622-6483-6B848F8B1BFB}.Release|Any CPU.ActiveCfg = Release|Any CPU
		{3ED05C4F-06A9-B622-6483-6B848F8B1BFB}.Release|Any CPU.Build.0 = Release|Any CPU
	EndGlobalSection
	GlobalSection(SolutionProperties) = preSolution
		HideSolutionNode = FALSE
	EndGlobalSection
EndGlobal
